// !$*UTF8*$!
{
	archiveVersion = 1;
	classes = {
	};
	objectVersion = 50;
	objects = {

/* Begin PBXBuildFile section */
		7AA268152119764C00972AF4 /* AppDelegate.swift in Sources */ = {isa = PBXBuildFile; fileRef = 7AA268142119764C00972AF4 /* AppDelegate.swift */; };
		7AA268172119764C00972AF4 /* LocalizationVC.swift in Sources */ = {isa = PBXBuildFile; fileRef = 7AA268162119764C00972AF4 /* LocalizationVC.swift */; };
		7AA2681A2119764C00972AF4 /* Main.storyboard in Resources */ = {isa = PBXBuildFile; fileRef = 7AA268182119764C00972AF4 /* Main.storyboard */; };
		7AA2681C2119764E00972AF4 /* Assets.xcassets in Resources */ = {isa = PBXBuildFile; fileRef = 7AA2681B2119764E00972AF4 /* Assets.xcassets */; };
		7AA2681F2119764E00972AF4 /* LaunchScreen.storyboard in Resources */ = {isa = PBXBuildFile; fileRef = 7AA2681D2119764E00972AF4 /* LaunchScreen.storyboard */; };
		7AA2682721197CB300972AF4 /* LocalizeTblCell.swift in Sources */ = {isa = PBXBuildFile; fileRef = 7AA2682621197CB300972AF4 /* LocalizeTblCell.swift */; };
		7AA2685121197DD100972AF4 /* LanguageFile.swift in Sources */ = {isa = PBXBuildFile; fileRef = 7AA2684721197DD100972AF4 /* LanguageFile.swift */; };
		7AA2686021197EBB00972AF4 /* BundleLocalization.m in Sources */ = {isa = PBXBuildFile; fileRef = 7AA2685E21197EBB00972AF4 /* BundleLocalization.m */; };
		7AA2686121197EBB00972AF4 /* NSBundle+Localization.m in Sources */ = {isa = PBXBuildFile; fileRef = 7AA2685F21197EBB00972AF4 /* NSBundle+Localization.m */; };
/* End PBXBuildFile section */

/* Begin PBXFileReference section */
		7AA268112119764C00972AF4 /* AppLocalization.app */ = {isa = PBXFileReference; explicitFileType = wrapper.application; includeInIndex = 0; path = AppLocalization.app; sourceTree = BUILT_PRODUCTS_DIR; };
		7AA268142119764C00972AF4 /* AppDelegate.swift */ = {isa = PBXFileReference; lastKnownFileType = sourcecode.swift; path = AppDelegate.swift; sourceTree = "<group>"; };
		7AA268162119764C00972AF4 /* LocalizationVC.swift */ = {isa = PBXFileReference; lastKnownFileType = sourcecode.swift; path = LocalizationVC.swift; sourceTree = "<group>"; };
		7AA268192119764C00972AF4 /* Base */ = {isa = PBXFileReference; lastKnownFileType = file.storyboard; name = Base; path = Base.lproj/Main.storyboard; sourceTree = "<group>"; };
		7AA2681B2119764E00972AF4 /* Assets.xcassets */ = {isa = PBXFileReference; lastKnownFileType = folder.assetcatalog; path = Assets.xcassets; sourceTree = "<group>"; };
		7AA2681E2119764E00972AF4 /* Base */ = {isa = PBXFileReference; lastKnownFileType = file.storyboard; name = Base; path = Base.lproj/LaunchScreen.storyboard; sourceTree = "<group>"; };
		7AA268202119764E00972AF4 /* Info.plist */ = {isa = PBXFileReference; lastKnownFileType = text.plist.xml; path = Info.plist; sourceTree = "<group>"; };
		7AA2682621197CB300972AF4 /* LocalizeTblCell.swift */ = {isa = PBXFileReference; lastKnownFileType = sourcecode.swift; path = LocalizeTblCell.swift; sourceTree = "<group>"; };
		7AA2684721197DD100972AF4 /* LanguageFile.swift */ = {isa = PBXFileReference; fileEncoding = 4; lastKnownFileType = sourcecode.swift; path = LanguageFile.swift; sourceTree = "<group>"; };
		7AA2685721197E6D00972AF4 /* AppLocalization-Bridging-Header.h */ = {isa = PBXFileReference; lastKnownFileType = sourcecode.c.h; path = "AppLocalization-Bridging-Header.h"; sourceTree = "<group>"; };
		7AA2685C21197EBB00972AF4 /* BundleLocalization.h */ = {isa = PBXFileReference; fileEncoding = 4; lastKnownFileType = sourcecode.c.h; path = BundleLocalization.h; sourceTree = "<group>"; };
		7AA2685D21197EBB00972AF4 /* NSBundle+Localization.h */ = {isa = PBXFileReference; fileEncoding = 4; lastKnownFileType = sourcecode.c.h; path = "NSBundle+Localization.h"; sourceTree = "<group>"; };
		7AA2685E21197EBB00972AF4 /* BundleLocalization.m */ = {isa = PBXFileReference; fileEncoding = 4; lastKnownFileType = sourcecode.c.objc; path = BundleLocalization.m; sourceTree = "<group>"; };
		7AA2685F21197EBB00972AF4 /* NSBundle+Localization.m */ = {isa = PBXFileReference; fileEncoding = 4; lastKnownFileType = sourcecode.c.objc; path = "NSBundle+Localization.m"; sourceTree = "<group>"; };
		7AA2686B2119BC1C00972AF4 /* en */ = {isa = PBXFileReference; lastKnownFileType = text.plist.strings; name = en; path = en.lproj/Main.strings; sourceTree = "<group>"; };
		7AA2686D2119BC2000972AF4 /* ar */ = {isa = PBXFileReference; lastKnownFileType = text.plist.strings; name = ar; path = ar.lproj/Main.strings; sourceTree = "<group>"; };
/* End PBXFileReference section */

/* Begin PBXFrameworksBuildPhase section */
		7AA2680E2119764C00972AF4 /* Frameworks */ = {
			isa = PBXFrameworksBuildPhase;
			buildActionMask = 2147483647;
			files = (
			);
			runOnlyForDeploymentPostprocessing = 0;
		};
/* End PBXFrameworksBuildPhase section */

/* Begin PBXGroup section */
		7AA268082119764C00972AF4 = {
			isa = PBXGroup;
			children = (
				7AA268132119764C00972AF4 /* AppLocalization */,
				7AA268122119764C00972AF4 /* Products */,
			);
			sourceTree = "<group>";
		};
		7AA268122119764C00972AF4 /* Products */ = {
			isa = PBXGroup;
			children = (
				7AA268112119764C00972AF4 /* AppLocalization.app */,
			);
			name = Products;
			sourceTree = "<group>";
		};
		7AA268132119764C00972AF4 /* AppLocalization */ = {
			isa = PBXGroup;
			children = (
				7AA2682821197DD100972AF4 /* Localization */,
				7AA268142119764C00972AF4 /* AppDelegate.swift */,
				7AA268162119764C00972AF4 /* LocalizationVC.swift */,
				7AA2682621197CB300972AF4 /* LocalizeTblCell.swift */,
				7AA2685721197E6D00972AF4 /* AppLocalization-Bridging-Header.h */,
				7AA268182119764C00972AF4 /* Main.storyboard */,
				7AA2681D2119764E00972AF4 /* LaunchScreen.storyboard */,
				7AA2681B2119764E00972AF4 /* Assets.xcassets */,
				7AA268202119764E00972AF4 /* Info.plist */,
			);
			path = AppLocalization;
			sourceTree = "<group>";
		};
		7AA2682821197DD100972AF4 /* Localization */ = {
			isa = PBXGroup;
			children = (
				7AA2685B21197EBB00972AF4 /* BundleLocalization */,
				7AA2684621197DD100972AF4 /* LanguageFIle */,
			);
			path = Localization;
			sourceTree = "<group>";
		};
		7AA2684621197DD100972AF4 /* LanguageFIle */ = {
			isa = PBXGroup;
			children = (
				7AA2684721197DD100972AF4 /* LanguageFile.swift */,
			);
			path = LanguageFIle;
			sourceTree = "<group>";
		};
		7AA2685B21197EBB00972AF4 /* BundleLocalization */ = {
			isa = PBXGroup;
			children = (
				7AA2685C21197EBB00972AF4 /* BundleLocalization.h */,
				7AA2685D21197EBB00972AF4 /* NSBundle+Localization.h */,
				7AA2685E21197EBB00972AF4 /* BundleLocalization.m */,
				7AA2685F21197EBB00972AF4 /* NSBundle+Localization.m */,
			);
			path = BundleLocalization;
			sourceTree = "<group>";
		};
/* End PBXGroup section */

/* Begin PBXNativeTarget section */
		7AA268102119764C00972AF4 /* AppLocalization */ = {
			isa = PBXNativeTarget;
			buildConfigurationList = 7AA268232119764E00972AF4 /* Build configuration list for PBXNativeTarget "AppLocalization" */;
			buildPhases = (
				7AA2680D2119764C00972AF4 /* Sources */,
				7AA2680E2119764C00972AF4 /* Frameworks */,
				7AA2680F2119764C00972AF4 /* Resources */,
			);
			buildRules = (
			);
			dependencies = (
			);
			name = AppLocalization;
			productName = AppLocalization;
			productReference = 7AA268112119764C00972AF4 /* AppLocalization.app */;
			productType = "com.apple.product-type.application";
		};
/* End PBXNativeTarget section */

/* Begin PBXProject section */
		7AA268092119764C00972AF4 /* Project object */ = {
			isa = PBXProject;
			attributes = {
				LastSwiftUpdateCheck = 0930;
				LastUpgradeCheck = 0930;
				ORGANIZATIONNAME = AmanDev;
				TargetAttributes = {
					7AA268102119764C00972AF4 = {
						CreatedOnToolsVersion = 9.3;
						LastSwiftMigration = 0930;
					};
				};
			};
			buildConfigurationList = 7AA2680C2119764C00972AF4 /* Build configuration list for PBXProject "AppLocalization" */;
			compatibilityVersion = "Xcode 9.3";
			developmentRegion = en;
			hasScannedForEncodings = 0;
			knownRegions = (
				en,
				Base,
				ar,
			);
			mainGroup = 7AA268082119764C00972AF4;
			productRefGroup = 7AA268122119764C00972AF4 /* Products */;
			projectDirPath = "";
			projectRoot = "";
			targets = (
				7AA268102119764C00972AF4 /* AppLocalization */,
			);
		};
/* End PBXProject section */

/* Begin PBXResourcesBuildPhase section */
		7AA2680F2119764C00972AF4 /* Resources */ = {
			isa = PBXResourcesBuildPhase;
			buildActionMask = 2147483647;
			files = (
				7AA2681F2119764E00972AF4 /* LaunchScreen.storyboard in Resources */,
				7AA2681C2119764E00972AF4 /* Assets.xcassets in Resources */,
				7AA2681A2119764C00972AF4 /* Main.storyboard in Resources */,
			);
			runOnlyForDeploymentPostprocessing = 0;
		};
/* End PBXResourcesBuildPhase section */

/* Begin PBXSourcesBuildPhase section */
		7AA2680D2119764C00972AF4 /* Sources */ = {
			isa = PBXSourcesBuildPhase;
			buildActionMask = 2147483647;
			files = (
				7AA268172119764C00972AF4 /* LocalizationVC.swift in Sources */,
				7AA2686121197EBB00972AF4 /* NSBundle+Localization.m in Sources */,
				7AA2682721197CB300972AF4 /* LocalizeTblCell.swift in Sources */,
				7AA268152119764C00972AF4 /* AppDelegate.swift in Sources */,
				7AA2686021197EBB00972AF4 /* BundleLocalization.m in Sources */,
				7AA2685121197DD100972AF4 /* LanguageFile.swift in Sources */,
			);
			runOnlyForDeploymentPostprocessing = 0;
		};
/* End PBXSourcesBuildPhase section */

/* Begin PBXVariantGroup section */
		7AA268182119764C00972AF4 /* Main.storyboard */ = {
			isa = PBXVariantGroup;
			children = (
				7AA268192119764C00972AF4 /* Base */,
				7AA2686B2119BC1C00972AF4 /* en */,
				7AA2686D2119BC2000972AF4 /* ar */,
			);
			name = Main.storyboard;
			sourceTree = "<group>";
		};
		7AA2681D2119764E00972AF4 /* LaunchScreen.storyboard */ = {
			isa = PBXVariantGroup;
			children = (
				7AA2681E2119764E00972AF4 /* Base */,
			);
			name = LaunchScreen.storyboard;
			sourceTree = "<group>";
		};
/* End PBXVariantGroup section */

/* Begin XCBuildConfiguration section */
		7AA268212119764E00972AF4 /* Debug */ = {
			isa = XCBuildConfiguration;
			buildSettings = {
				ALWAYS_SEARCH_USER_PATHS = NO;
				CLANG_ANALYZER_NONNULL = YES;
				CLANG_ANALYZER_NUMBER_OBJECT_CONVERSION = YES_AGGRESSIVE;
				CLANG_CXX_LANGUAGE_STANDARD = "gnu++14";
				CLANG_CXX_LIBRARY = "libc++";
				CLANG_ENABLE_MODULES = YES;
				CLANG_ENABLE_OBJC_ARC = YES;
				CLANG_ENABLE_OBJC_WEAK = YES;
				CLANG_WARN_BLOCK_CAPTURE_AUTORELEASING = YES;
				CLANG_WARN_BOOL_CONVERSION = YES;
				CLANG_WARN_COMMA = YES;
				CLANG_WARN_CONSTANT_CONVERSION = YES;
				CLANG_WARN_DEPRECATED_OBJC_IMPLEMENTATIONS = YES;
				CLANG_WARN_DIRECT_OBJC_ISA_USAGE = YES_ERROR;
				CLANG_WARN_DOCUMENTATION_COMMENTS = YES;
				CLANG_WARN_EMPTY_BODY = YES;
				CLANG_WARN_ENUM_CONVERSION = YES;
				CLANG_WARN_INFINITE_RECURSION = YES;
				CLANG_WARN_INT_CONVERSION = YES;
				CLANG_WARN_NON_LITERAL_NULL_CONVERSION = YES;
				CLANG_WARN_OBJC_IMPLICIT_RETAIN_SELF = YES;
				CLANG_WARN_OBJC_LITERAL_CONVERSION = YES;
				CLANG_WARN_OBJC_ROOT_CLASS = YES_ERROR;
				CLANG_WARN_RANGE_LOOP_ANALYSIS = YES;
				CLANG_WARN_STRICT_PROTOTYPES = YES;
				CLANG_WARN_SUSPICIOUS_MOVE = YES;
				CLANG_WARN_UNGUARDED_AVAILABILITY = YES_AGGRESSIVE;
				CLANG_WARN_UNREACHABLE_CODE = YES;
				CLANG_WARN__DUPLICATE_METHOD_MATCH = YES;
				CODE_SIGN_IDENTITY = "iPhone Developer";
				COPY_PHASE_STRIP = NO;
				DEBUG_INFORMATION_FORMAT = dwarf;
				ENABLE_STRICT_OBJC_MSGSEND = YES;
				ENABLE_TESTABILITY = YES;
				GCC_C_LANGUAGE_STANDARD = gnu11;
				GCC_DYNAMIC_NO_PIC = NO;
				GCC_NO_COMMON_BLOCKS = YES;
				GCC_OPTIMIZATION_LEVEL = 0;
				GCC_PREPROCESSOR_DEFINITIONS = (
					"DEBUG=1",
					"$(inherited)",
				);
				GCC_WARN_64_TO_32_BIT_CONVERSION = YES;
				GCC_WARN_ABOUT_RETURN_TYPE = YES_ERROR;
				GCC_WARN_UNDECLARED_SELECTOR = YES;
				GCC_WARN_UNINITIALIZED_AUTOS = YES_AGGRESSIVE;
				GCC_WARN_UNUSED_FUNCTION = YES;
				GCC_WARN_UNUSED_VARIABLE = YES;
				IPHONEOS_DEPLOYMENT_TARGET = 11.3;
				MTL_ENABLE_DEBUG_INFO = YES;
				ONLY_ACTIVE_ARCH = YES;
				SDKROOT = iphoneos;
				SWIFT_ACTIVE_COMPILATION_CONDITIONS = DEBUG;
				SWIFT_OPTIMIZATION_LEVEL = "-Onone";
			};
			name = Debug;
		};
		7AA268222119764E00972AF4 /* Release */ = {
			isa = XCBuildConfiguration;
			buildSettings = {
				ALWAYS_SEARCH_USER_PATHS = NO;
				CLANG_ANALYZER_NONNULL = YES;
				CLANG_ANALYZER_NUMBER_OBJECT_CONVERSION = YES_AGGRESSIVE;
				CLANG_CXX_LANGUAGE_STANDARD = "gnu++14";
				CLANG_CXX_LIBRARY = "libc++";
				CLANG_ENABLE_MODULES = YES;
				CLANG_ENABLE_OBJC_ARC = YES;
				CLANG_ENABLE_OBJC_WEAK = YES;
				CLANG_WARN_BLOCK_CAPTURE_AUTORELEASING = YES;
				CLANG_WARN_BOOL_CONVERSION = YES;
				CLANG_WARN_COMMA = YES;
				CLANG_WARN_CONSTANT_CONVERSION = YES;
				CLANG_WARN_DEPRECATED_OBJC_IMPLEMENTATIONS = YES;
				CLANG_WARN_DIRECT_OBJC_ISA_USAGE = YES_ERROR;
				CLANG_WARN_DOCUMENTATION_COMMENTS = YES;
				CLANG_WARN_EMPTY_BODY = YES;
				CLANG_WARN_ENUM_CONVERSION = YES;
				CLANG_WARN_INFINITE_RECURSION = YES;
				CLANG_WARN_INT_CONVERSION = YES;
				CLANG_WARN_NON_LITERAL_NULL_CONVERSION = YES;
				CLANG_WARN_OBJC_IMPLICIT_RETAIN_SELF = YES;
				CLANG_WARN_OBJC_LITERAL_CONVERSION = YES;
				CLANG_WARN_OBJC_ROOT_CLASS = YES_ERROR;
				CLANG_WARN_RANGE_LOOP_ANALYSIS = YES;
				CLANG_WARN_STRICT_PROTOTYPES = YES;
				CLANG_WARN_SUSPICIOUS_MOVE = YES;
				CLANG_WARN_UNGUARDED_AVAILABILITY = YES_AGGRESSIVE;
				CLANG_WARN_UNREACHABLE_CODE = YES;
				CLANG_WARN__DUPLICATE_METHOD_MATCH = YES;
				CODE_SIGN_IDENTITY = "iPhone Developer";
				COPY_PHASE_STRIP = NO;
				DEBUG_INFORMATION_FORMAT = "dwarf-with-dsym";
				ENABLE_NS_ASSERTIONS = NO;
				ENABLE_STRICT_OBJC_MSGSEND = YES;
				GCC_C_LANGUAGE_STANDARD = gnu11;
				GCC_NO_COMMON_BLOCKS = YES;
				GCC_WARN_64_TO_32_BIT_CONVERSION = YES;
				GCC_WARN_ABOUT_RETURN_TYPE = YES_ERROR;
				GCC_WARN_UNDECLARED_SELECTOR = YES;
				GCC_WARN_UNINITIALIZED_AUTOS = YES_AGGRESSIVE;
				GCC_WARN_UNUSED_FUNCTION = YES;
				GCC_WARN_UNUSED_VARIABLE = YES;
				IPHONEOS_DEPLOYMENT_TARGET = 11.3;
				MTL_ENABLE_DEBUG_INFO = NO;
				SDKROOT = iphoneos;
				SWIFT_COMPILATION_MODE = wholemodule;
				SWIFT_OPTIMIZATION_LEVEL = "-O";
				VALIDATE_PRODUCT = YES;
			};
			name = Release;
		};
		7AA268242119764E00972AF4 /* Debug */ = {
			isa = XCBuildConfiguration;
			buildSettings = {
				ASSETCATALOG_COMPILER_APPICON_NAME = AppIcon;
				CLANG_ENABLE_MODULES = YES;
				CODE_SIGN_STYLE = Automatic;
				DEVELOPMENT_TEAM = W4397NF5RZ;
				INFOPLIST_FILE = AppLocalization/Info.plist;
				LD_RUNPATH_SEARCH_PATHS = (
					"$(inherited)",
					"@executable_path/Frameworks",
				);
				PRODUCT_BUNDLE_IDENTIFIER = Spa.AppLocalization;
				PRODUCT_NAME = "$(TARGET_NAME)";
				SWIFT_OBJC_BRIDGING_HEADER = "AppLocalization/Localization/AppLocalization-Bridging-Header.h";
				SWIFT_OPTIMIZATION_LEVEL = "-Onone";
				SWIFT_VERSION = 4.0;
				TARGETED_DEVICE_FAMILY = "1,2";
			};
			name = Debug;
		};
		7AA268252119764E00972AF4 /* Release */ = {
			isa = XCBuildConfiguration;
			buildSettings = {
				ASSETCATALOG_COMPILER_APPICON_NAME = AppIcon;
				CLANG_ENABLE_MODULES = YES;
				CODE_SIGN_STYLE = Automatic;
				DEVELOPMENT_TEAM = W4397NF5RZ;
				INFOPLIST_FILE = AppLocalization/Info.plist;
				LD_RUNPATH_SEARCH_PATHS = (
					"$(inherited)",
					"@executable_path/Frameworks",
				);
				PRODUCT_BUNDLE_IDENTIFIER = Spa.AppLocalization;
				PRODUCT_NAME = "$(TARGET_NAME)";
				SWIFT_OBJC_BRIDGING_HEADER = "AppLocalization/Localization/AppLocalization-Bridging-Header.h";
				SWIFT_VERSION = 4.0;
				TARGETED_DEVICE_FAMILY = "1,2";
			};
			name = Release;
		};
/* End XCBuildConfiguration section */

/* Begin XCConfigurationList section */
		7AA2680C2119764C00972AF4 /* Build configuration list for PBXProject "AppLocalization" */ = {
			isa = XCConfigurationList;
			buildConfigurations = (
				7AA268212119764E00972AF4 /* Debug */,
				7AA268222119764E00972AF4 /* Release */,
			);
			defaultConfigurationIsVisible = 0;
			defaultConfigurationName = Release;
		};
		7AA268232119764E00972AF4 /* Build configuration list for PBXNativeTarget "AppLocalization" */ = {
			isa = XCConfigurationList;
			buildConfigurations = (
				7AA268242119764E00972AF4 /* Debug */,
				7AA268252119764E00972AF4 /* Release */,
			);
			defaultConfigurationIsVisible = 0;
			defaultConfigurationName = Release;
		};
/* End XCConfigurationList section */
	};
	rootObject = 7AA268092119764C00972AF4 /* Project object */;
}
